// !$*UTF8*$!
{
	archiveVersion = 1;
	classes = {
	};
	objectVersion = 46;
	objects = {

/* Begin PBXBuildFile section */
		141AB7C41CE5BA2B00DD0C5E /* AppDelegate.swift in Sources */ = {isa = PBXBuildFile; fileRef = 141AB7C31CE5BA2B00DD0C5E /* AppDelegate.swift */; };
		141AB7C61CE5BA2B00DD0C5E /* ViewController.swift in Sources */ = {isa = PBXBuildFile; fileRef = 141AB7C51CE5BA2B00DD0C5E /* ViewController.swift */; };
		141AB7C91CE5BA2B00DD0C5E /* Main.storyboard in Resources */ = {isa = PBXBuildFile; fileRef = 141AB7C71CE5BA2B00DD0C5E /* Main.storyboard */; };
		141AB7CB1CE5BA2B00DD0C5E /* Assets.xcassets in Resources */ = {isa = PBXBuildFile; fileRef = 141AB7CA1CE5BA2B00DD0C5E /* Assets.xcassets */; };
		141AB7CE1CE5BA2B00DD0C5E /* LaunchScreen.storyboard in Resources */ = {isa = PBXBuildFile; fileRef = 141AB7CC1CE5BA2B00DD0C5E /* LaunchScreen.storyboard */; };
		680FAE76A450904BF3468909 /* Pods_Sportivity.framework in Frameworks */ = {isa = PBXBuildFile; fileRef = 0D93C15FA7C1BBAFB18A7F1B /* Pods_Sportivity.framework */; };
/* End PBXBuildFile section */

/* Begin PBXFileReference section */
		0D93C15FA7C1BBAFB18A7F1B /* Pods_Sportivity.framework */ = {isa = PBXFileReference; explicitFileType = wrapper.framework; includeInIndex = 0; path = Pods_Sportivity.framework; sourceTree = BUILT_PRODUCTS_DIR; };
		141AB7C01CE5BA2B00DD0C5E /* Sportivity.app */ = {isa = PBXFileReference; explicitFileType = wrapper.application; includeInIndex = 0; path = Sportivity.app; sourceTree = BUILT_PRODUCTS_DIR; };
		141AB7C31CE5BA2B00DD0C5E /* AppDelegate.swift */ = {isa = PBXFileReference; lastKnownFileType = sourcecode.swift; path = AppDelegate.swift; sourceTree = "<group>"; };
		141AB7C51CE5BA2B00DD0C5E /* ViewController.swift */ = {isa = PBXFileReference; lastKnownFileType = sourcecode.swift; name = ViewController.swift; path = ../../ViewController.swift; sourceTree = "<group>"; };
		141AB7C81CE5BA2B00DD0C5E /* Base */ = {isa = PBXFileReference; lastKnownFileType = file.storyboard; name = Base; path = Base.lproj/Main.storyboard; sourceTree = "<group>"; };
		141AB7CA1CE5BA2B00DD0C5E /* Assets.xcassets */ = {isa = PBXFileReference; lastKnownFileType = folder.assetcatalog; path = Assets.xcassets; sourceTree = "<group>"; };
		141AB7CD1CE5BA2B00DD0C5E /* Base */ = {isa = PBXFileReference; lastKnownFileType = file.storyboard; name = Base; path = Base.lproj/LaunchScreen.storyboard; sourceTree = "<group>"; };
		141AB7CF1CE5BA2B00DD0C5E /* Info.plist */ = {isa = PBXFileReference; lastKnownFileType = text.plist.xml; path = Info.plist; sourceTree = "<group>"; };
		14D983031CE5BF9000E50A50 /* Sportivity-Bridging-Header.h */ = {isa = PBXFileReference; lastKnownFileType = sourcecode.c.h; path = "Sportivity-Bridging-Header.h"; sourceTree = "<group>"; };
		859993566CF1DCF9CC492853 /* Pods-Sportivity.release.xcconfig */ = {isa = PBXFileReference; includeInIndex = 1; lastKnownFileType = text.xcconfig; name = "Pods-Sportivity.release.xcconfig"; path = "Pods/Target Support Files/Pods-Sportivity/Pods-Sportivity.release.xcconfig"; sourceTree = "<group>"; };
		A33C5DA5FF0D767585670621 /* Pods-Sportivity.debug.xcconfig */ = {isa = PBXFileReference; includeInIndex = 1; lastKnownFileType = text.xcconfig; name = "Pods-Sportivity.debug.xcconfig"; path = "Pods/Target Support Files/Pods-Sportivity/Pods-Sportivity.debug.xcconfig"; sourceTree = "<group>"; };
/* End PBXFileReference section */

/* Begin PBXFrameworksBuildPhase section */
		141AB7BD1CE5BA2B00DD0C5E /* Frameworks */ = {
			isa = PBXFrameworksBuildPhase;
			buildActionMask = 2147483647;
			files = (
				680FAE76A450904BF3468909 /* Pods_Sportivity.framework in Frameworks */,
			);
			runOnlyForDeploymentPostprocessing = 0;
		};
/* End PBXFrameworksBuildPhase section */

/* Begin PBXGroup section */
		141AB7B71CE5BA2B00DD0C5E = {
			isa = PBXGroup;
			children = (
				141AB7C21CE5BA2B00DD0C5E /* Sportivity */,
				141AB7C11CE5BA2B00DD0C5E /* Products */,
				3819DDB9ACE25EFEB8CFBA5A /* Pods */,
				EC795C4FAA5C86DED3FD4C2E /* Frameworks */,
			);
			sourceTree = "<group>";
		};
		141AB7C11CE5BA2B00DD0C5E /* Products */ = {
			isa = PBXGroup;
			children = (
				141AB7C01CE5BA2B00DD0C5E /* Sportivity.app */,
			);
			name = Products;
			sourceTree = "<group>";
		};
		141AB7C21CE5BA2B00DD0C5E /* Sportivity */ = {
			isa = PBXGroup;
			children = (
				1452B6861CE5D64400B4DDC3 /* Models */,
				1452B6881CE5D64400B4DDC3 /* Workers */,
				1452B6871CE5D64400B4DDC3 /* Services */,
				1452B6831CE5D64400B4DDC3 /* Scenes */,
				141AB7C31CE5BA2B00DD0C5E /* AppDelegate.swift */,
				141AB7C71CE5BA2B00DD0C5E /* Main.storyboard */,
				141AB7CC1CE5BA2B00DD0C5E /* LaunchScreen.storyboard */,
				141AB7CA1CE5BA2B00DD0C5E /* Assets.xcassets */,
				1452B6891CE5D67B00B4DDC3 /* Supporting Files */,
			);
			path = Sportivity;
			sourceTree = "<group>";
		};
		1452B6831CE5D64400B4DDC3 /* Scenes */ = {
			isa = PBXGroup;
			children = (
				1452B6841CE5D64400B4DDC3 /* Login */,
				1452B6851CE5D64400B4DDC3 /* User */,
			);
			path = Scenes;
			sourceTree = "<group>";
		};
		1452B6841CE5D64400B4DDC3 /* Login */ = {
			isa = PBXGroup;
			children = (
				141AB7C51CE5BA2B00DD0C5E /* ViewController.swift */,
			);
			path = Login;
			sourceTree = "<group>";
		};
		1452B6851CE5D64400B4DDC3 /* User */ = {
			isa = PBXGroup;
			children = (
			);
			path = User;
			sourceTree = "<group>";
		};
		1452B6861CE5D64400B4DDC3 /* Models */ = {
			isa = PBXGroup;
			children = (
			);
			path = Models;
			sourceTree = "<group>";
		};
		1452B6871CE5D64400B4DDC3 /* Services */ = {
			isa = PBXGroup;
			children = (
			);
			path = Services;
			sourceTree = "<group>";
		};
		1452B6881CE5D64400B4DDC3 /* Workers */ = {
			isa = PBXGroup;
			children = (
			);
			path = Workers;
			sourceTree = "<group>";
		};
		1452B6891CE5D67B00B4DDC3 /* Supporting Files */ = {
			isa = PBXGroup;
			children = (
				14D983031CE5BF9000E50A50 /* Sportivity-Bridging-Header.h */,
				141AB7CF1CE5BA2B00DD0C5E /* Info.plist */,
			);
			name = "Supporting Files";
			sourceTree = "<group>";
		};
		3819DDB9ACE25EFEB8CFBA5A /* Pods */ = {
			isa = PBXGroup;
			children = (
				A33C5DA5FF0D767585670621 /* Pods-Sportivity.debug.xcconfig */,
				859993566CF1DCF9CC492853 /* Pods-Sportivity.release.xcconfig */,
			);
			name = Pods;
			sourceTree = "<group>";
		};
		EC795C4FAA5C86DED3FD4C2E /* Frameworks */ = {
			isa = PBXGroup;
			children = (
				0D93C15FA7C1BBAFB18A7F1B /* Pods_Sportivity.framework */,
			);
			name = Frameworks;
			sourceTree = "<group>";
		};
/* End PBXGroup section */

/* Begin PBXNativeTarget section */
		141AB7BF1CE5BA2B00DD0C5E /* Sportivity */ = {
			isa = PBXNativeTarget;
			buildConfigurationList = 141AB7D21CE5BA2B00DD0C5E /* Build configuration list for PBXNativeTarget "Sportivity" */;
			buildPhases = (
				254FAA036EEC3CF5495F274F /* 📦 Check Pods Manifest.lock */,
				141AB7BC1CE5BA2B00DD0C5E /* Sources */,
				141AB7BD1CE5BA2B00DD0C5E /* Frameworks */,
				141AB7BE1CE5BA2B00DD0C5E /* Resources */,
				09CC50AEC5D2E241D96DD33E /* 📦 Embed Pods Frameworks */,
				8128B803DE23082D6CC1CC5A /* 📦 Copy Pods Resources */,
			);
			buildRules = (
			);
			dependencies = (
			);
			name = Sportivity;
			productName = Sportivity;
			productReference = 141AB7C01CE5BA2B00DD0C5E /* Sportivity.app */;
			productType = "com.apple.product-type.application";
		};
/* End PBXNativeTarget section */

/* Begin PBXProject section */
		141AB7B81CE5BA2B00DD0C5E /* Project object */ = {
			isa = PBXProject;
			attributes = {
				LastSwiftUpdateCheck = 0730;
				LastUpgradeCheck = 0730;
				ORGANIZATIONNAME = "Paweł Zykowski";
				TargetAttributes = {
					141AB7BF1CE5BA2B00DD0C5E = {
						CreatedOnToolsVersion = 7.3.1;
					};
				};
			};
			buildConfigurationList = 141AB7BB1CE5BA2B00DD0C5E /* Build configuration list for PBXProject "Sportivity" */;
			compatibilityVersion = "Xcode 3.2";
			developmentRegion = English;
			hasScannedForEncodings = 0;
			knownRegions = (
				en,
				Base,
			);
			mainGroup = 141AB7B71CE5BA2B00DD0C5E;
			productRefGroup = 141AB7C11CE5BA2B00DD0C5E /* Products */;
			projectDirPath = "";
			projectRoot = "";
			targets = (
				141AB7BF1CE5BA2B00DD0C5E /* Sportivity */,
			);
		};
/* End PBXProject section */

/* Begin PBXResourcesBuildPhase section */
		141AB7BE1CE5BA2B00DD0C5E /* Resources */ = {
			isa = PBXResourcesBuildPhase;
			buildActionMask = 2147483647;
			files = (
				141AB7CE1CE5BA2B00DD0C5E /* LaunchScreen.storyboard in Resources */,
				141AB7CB1CE5BA2B00DD0C5E /* Assets.xcassets in Resources */,
				141AB7C91CE5BA2B00DD0C5E /* Main.storyboard in Resources */,
			);
			runOnlyForDeploymentPostprocessing = 0;
		};
/* End PBXResourcesBuildPhase section */

/* Begin PBXShellScriptBuildPhase section */
		09CC50AEC5D2E241D96DD33E /* 📦 Embed Pods Frameworks */ = {
			isa = PBXShellScriptBuildPhase;
			buildActionMask = 2147483647;
			files = (
			);
			inputPaths = (
			);
			name = "📦 Embed Pods Frameworks";
			outputPaths = (
			);
			runOnlyForDeploymentPostprocessing = 0;
			shellPath = /bin/sh;
			shellScript = "\"${SRCROOT}/Pods/Target Support Files/Pods-Sportivity/Pods-Sportivity-frameworks.sh\"\n";
			showEnvVarsInLog = 0;
		};
		254FAA036EEC3CF5495F274F /* 📦 Check Pods Manifest.lock */ = {
			isa = PBXShellScriptBuildPhase;
			buildActionMask = 2147483647;
			files = (
			);
			inputPaths = (
			);
			name = "📦 Check Pods Manifest.lock";
			outputPaths = (
			);
			runOnlyForDeploymentPostprocessing = 0;
			shellPath = /bin/sh;
			shellScript = "diff \"${PODS_ROOT}/../Podfile.lock\" \"${PODS_ROOT}/Manifest.lock\" > /dev/null\nif [[ $? != 0 ]] ; then\n    cat << EOM\nerror: The sandbox is not in sync with the Podfile.lock. Run 'pod install' or update your CocoaPods installation.\nEOM\n    exit 1\nfi\n";
			showEnvVarsInLog = 0;
		};
		8128B803DE23082D6CC1CC5A /* 📦 Copy Pods Resources */ = {
			isa = PBXShellScriptBuildPhase;
			buildActionMask = 2147483647;
			files = (
			);
			inputPaths = (
			);
			name = "📦 Copy Pods Resources";
			outputPaths = (
			);
			runOnlyForDeploymentPostprocessing = 0;
			shellPath = /bin/sh;
			shellScript = "\"${SRCROOT}/Pods/Target Support Files/Pods-Sportivity/Pods-Sportivity-resources.sh\"\n";
			showEnvVarsInLog = 0;
		};
/* End PBXShellScriptBuildPhase section */

/* Begin PBXSourcesBuildPhase section */
		141AB7BC1CE5BA2B00DD0C5E /* Sources */ = {
			isa = PBXSourcesBuildPhase;
			buildActionMask = 2147483647;
			files = (
				141AB7C61CE5BA2B00DD0C5E /* ViewController.swift in Sources */,
				141AB7C41CE5BA2B00DD0C5E /* AppDelegate.swift in Sources */,
			);
			runOnlyForDeploymentPostprocessing = 0;
		};
/* End PBXSourcesBuildPhase section */

/* Begin PBXVariantGroup section */
		141AB7C71CE5BA2B00DD0C5E /* Main.storyboard */ = {
			isa = PBXVariantGroup;
			children = (
				141AB7C81CE5BA2B00DD0C5E /* Base */,
			);
			name = Main.storyboard;
			sourceTree = "<group>";
		};
		141AB7CC1CE5BA2B00DD0C5E /* LaunchScreen.storyboard */ = {
			isa = PBXVariantGroup;
			children = (
				141AB7CD1CE5BA2B00DD0C5E /* Base */,
			);
			name = LaunchScreen.storyboard;
			sourceTree = "<group>";
		};
/* End PBXVariantGroup section */

/* Begin XCBuildConfiguration section */
		141AB7D01CE5BA2B00DD0C5E /* Debug */ = {
			isa = XCBuildConfiguration;
			buildSettings = {
				ALWAYS_SEARCH_USER_PATHS = NO;
				CLANG_ANALYZER_NONNULL = YES;
				CLANG_CXX_LANGUAGE_STANDARD = "gnu++0x";
				CLANG_CXX_LIBRARY = "libc++";
				CLANG_ENABLE_MODULES = YES;
				CLANG_ENABLE_OBJC_ARC = YES;
				CLANG_WARN_BOOL_CONVERSION = YES;
				CLANG_WARN_CONSTANT_CONVERSION = YES;
				CLANG_WARN_DIRECT_OBJC_ISA_USAGE = YES_ERROR;
				CLANG_WARN_EMPTY_BODY = YES;
				CLANG_WARN_ENUM_CONVERSION = YES;
				CLANG_WARN_INT_CONVERSION = YES;
				CLANG_WARN_OBJC_ROOT_CLASS = YES_ERROR;
				CLANG_WARN_UNREACHABLE_CODE = YES;
				CLANG_WARN__DUPLICATE_METHOD_MATCH = YES;
				"CODE_SIGN_IDENTITY[sdk=iphoneos*]" = "iPhone Developer";
				COPY_PHASE_STRIP = NO;
				DEBUG_INFORMATION_FORMAT = dwarf;
				ENABLE_STRICT_OBJC_MSGSEND = YES;
				ENABLE_TESTABILITY = YES;
				GCC_C_LANGUAGE_STANDARD = gnu99;
				GCC_DYNAMIC_NO_PIC = NO;
				GCC_NO_COMMON_BLOCKS = YES;
				GCC_OPTIMIZATION_LEVEL = 0;
				GCC_PREPROCESSOR_DEFINITIONS = (
					"DEBUG=1",
					"$(inherited)",
				);
				GCC_WARN_64_TO_32_BIT_CONVERSION = YES;
				GCC_WARN_ABOUT_RETURN_TYPE = YES_ERROR;
				GCC_WARN_UNDECLARED_SELECTOR = YES;
				GCC_WARN_UNINITIALIZED_AUTOS = YES_AGGRESSIVE;
				GCC_WARN_UNUSED_FUNCTION = YES;
				GCC_WARN_UNUSED_VARIABLE = YES;
				IPHONEOS_DEPLOYMENT_TARGET = 9.3;
				MTL_ENABLE_DEBUG_INFO = YES;
				ONLY_ACTIVE_ARCH = YES;
				SDKROOT = iphoneos;
				SWIFT_OPTIMIZATION_LEVEL = "-Onone";
				TARGETED_DEVICE_FAMILY = "1,2";
			};
			name = Debug;
		};
		141AB7D11CE5BA2B00DD0C5E /* Release */ = {
			isa = XCBuildConfiguration;
			buildSettings = {
				ALWAYS_SEARCH_USER_PATHS = NO;
				CLANG_ANALYZER_NONNULL = YES;
				CLANG_CXX_LANGUAGE_STANDARD = "gnu++0x";
				CLANG_CXX_LIBRARY = "libc++";
				CLANG_ENABLE_MODULES = YES;
				CLANG_ENABLE_OBJC_ARC = YES;
				CLANG_WARN_BOOL_CONVERSION = YES;
				CLANG_WARN_CONSTANT_CONVERSION = YES;
				CLANG_WARN_DIRECT_OBJC_ISA_USAGE = YES_ERROR;
				CLANG_WARN_EMPTY_BODY = YES;
				CLANG_WARN_ENUM_CONVERSION = YES;
				CLANG_WARN_INT_CONVERSION = YES;
				CLANG_WARN_OBJC_ROOT_CLASS = YES_ERROR;
				CLANG_WARN_UNREACHABLE_CODE = YES;
				CLANG_WARN__DUPLICATE_METHOD_MATCH = YES;
				"CODE_SIGN_IDENTITY[sdk=iphoneos*]" = "iPhone Developer";
				COPY_PHASE_STRIP = NO;
				DEBUG_INFORMATION_FORMAT = "dwarf-with-dsym";
				ENABLE_NS_ASSERTIONS = NO;
				ENABLE_STRICT_OBJC_MSGSEND = YES;
				GCC_C_LANGUAGE_STANDARD = gnu99;
				GCC_NO_COMMON_BLOCKS = YES;
				GCC_WARN_64_TO_32_BIT_CONVERSION = YES;
				GCC_WARN_ABOUT_RETURN_TYPE = YES_ERROR;
				GCC_WARN_UNDECLARED_SELECTOR = YES;
				GCC_WARN_UNINITIALIZED_AUTOS = YES_AGGRESSIVE;
				GCC_WARN_UNUSED_FUNCTION = YES;
				GCC_WARN_UNUSED_VARIABLE = YES;
				IPHONEOS_DEPLOYMENT_TARGET = 9.3;
				MTL_ENABLE_DEBUG_INFO = NO;
				SDKROOT = iphoneos;
				TARGETED_DEVICE_FAMILY = "1,2";
				VALIDATE_PRODUCT = YES;
			};
			name = Release;
		};
		141AB7D31CE5BA2B00DD0C5E /* Debug */ = {
			isa = XCBuildConfiguration;
			baseConfigurationReference = A33C5DA5FF0D767585670621 /* Pods-Sportivity.debug.xcconfig */;
			buildSettings = {
				ASSETCATALOG_COMPILER_APPICON_NAME = AppIcon;
				INFOPLIST_FILE = Sportivity/Info.plist;
				LD_RUNPATH_SEARCH_PATHS = "$(inherited) @executable_path/Frameworks";
				PRODUCT_BUNDLE_IDENTIFIER = com.example.Sportivity;
				PRODUCT_NAME = "$(TARGET_NAME)";
				SWIFT_OBJC_BRIDGING_HEADER = "Sportivity/Sportivity-Bridging-Header.h";
			};
			name = Debug;
		};
		141AB7D41CE5BA2B00DD0C5E /* Release */ = {
			isa = XCBuildConfiguration;
			baseConfigurationReference = 859993566CF1DCF9CC492853 /* Pods-Sportivity.release.xcconfig */;
			buildSettings = {
				ASSETCATALOG_COMPILER_APPICON_NAME = AppIcon;
				INFOPLIST_FILE = Sportivity/Info.plist;
				LD_RUNPATH_SEARCH_PATHS = "$(inherited) @executable_path/Frameworks";
				PRODUCT_BUNDLE_IDENTIFIER = com.example.Sportivity;
				PRODUCT_NAME = "$(TARGET_NAME)";
				SWIFT_OBJC_BRIDGING_HEADER = "Sportivity/Sportivity-Bridging-Header.h";
			};
			name = Release;
		};
/* End XCBuildConfiguration section */

/* Begin XCConfigurationList section */
		141AB7BB1CE5BA2B00DD0C5E /* Build configuration list for PBXProject "Sportivity" */ = {
			isa = XCConfigurationList;
			buildConfigurations = (
				141AB7D01CE5BA2B00DD0C5E /* Debug */,
				141AB7D11CE5BA2B00DD0C5E /* Release */,
			);
			defaultConfigurationIsVisible = 0;
			defaultConfigurationName = Release;
		};
		141AB7D21CE5BA2B00DD0C5E /* Build configuration list for PBXNativeTarget "Sportivity" */ = {
			isa = XCConfigurationList;
			buildConfigurations = (
				141AB7D31CE5BA2B00DD0C5E /* Debug */,
				141AB7D41CE5BA2B00DD0C5E /* Release */,
			);
			defaultConfigurationIsVisible = 0;
			defaultConfigurationName = Release;
		};
/* End XCConfigurationList section */
	};
	rootObject = 141AB7B81CE5BA2B00DD0C5E /* Project object */;
}
